{
  "name": "codemirror-elm",
  "version": "1.0.0",
  "lockfileVersion": 2,
  "requires": true,
  "packages": {
    "": {
      "name": "codemirror-elm",
      "version": "1.0.0",
      "license": "ISC",
      "dependencies": {
        "codemirror": "^5.63.3"
      }
    },
    "node_modules/codemirror": {
      "version": "5.63.3",
      "license": "MIT"
    }
  },
  "dependencies": {
    "codemirror": {
      "version": "5.63.3"
    }
  }
}
